
Microsoft Visual Studio Solution File, Format Version 12.00
# Visual Studio Version 16
VisualStudioVersion = 16.0.32228.343
MinimumVisualStudioVersion = 10.0.40219.1
Project("{FAE04EC0-301F-11D3-BF4B-00C04F79EFBC}") = "Act2-CreateTable", "Act2-CreateTable\Act2-CreateTable.csproj", "{1BDF7BFD-8053-44DD-863C-FF064B11F914}"
EndProject
Global
	GlobalSection(SolutionConfigurationPlatforms) = preSolution
		Debug|Any CPU = Debug|Any CPU
		Release|Any CPU = Release|Any CPU
	EndGlobalSection
	GlobalSection(ProjectConfigurationPlatforms) = postSolution
		{1BDF7BFD-8053-44DD-863C-FF064B11F914}.Debug|Any CPU.ActiveCfg = Debug|Any CPU
		{1BDF7BFD-8053-44DD-863C-FF064B11F914}.Debug|Any CPU.Build.0 = Debug|Any CPU
		{1BDF7BFD-8053-44DD-863C-FF064B11F914}.Release|Any CPU.ActiveCfg = Release|Any CPU
		{1BDF7BFD-8053-44DD-863C-FF064B11F914}.Release|Any CPU.Build.0 = Release|Any CPU
	EndGlobalSection
	GlobalSection(SolutionProperties) = preSolution
		HideSolutionNode = FALSE
	EndGlobalSection
	GlobalSection(ExtensibilityGlobals) = postSolution
		SolutionGuid = {9216A7AF-3B93-4A66-82AA-A04A54774108}
	EndGlobalSection
EndGlobal
